
Microsoft Visual Studio Solution File, Format Version 12.00
# Visual Studio Version 17
VisualStudioVersion = 17.0.31903.59
MinimumVisualStudioVersion = 10.0.40219.1
Project("{FAE04EC0-301F-11D3-BF4B-00C04F79EFBC}") = "Contratos", "Contratos\Contratos.csproj", "{8CC3698B-3D4A-4DB4-AF42-F212FED9DFE4}"
EndProject
Project("{FAE04EC0-301F-11D3-BF4B-00C04F79EFBC}") = "PluginFormal", "PluginFormal\PluginFormal.csproj", "{11934781-0981-4817-8E92-177530CF10A2}"
EndProject
Project("{FAE04EC0-301F-11D3-BF4B-00C04F79EFBC}") = "AppPrincipal", "AppPrincipal\AppPrincipal.csproj", "{DE09B540-84B7-441D-9C21-EF4E2B035766}"
EndProject
Global
	GlobalSection(SolutionConfigurationPlatforms) = preSolution
		Debug|Any CPU = Debug|Any CPU
		Release|Any CPU = Release|Any CPU
	EndGlobalSection
	GlobalSection(SolutionProperties) = preSolution
		HideSolutionNode = FALSE
	EndGlobalSection
	GlobalSection(ProjectConfigurationPlatforms) = postSolution
		{8CC3698B-3D4A-4DB4-AF42-F212FED9DFE4}.Debug|Any CPU.ActiveCfg = Debug|Any CPU
		{8CC3698B-3D4A-4DB4-AF42-F212FED9DFE4}.Debug|Any CPU.Build.0 = Debug|Any CPU
		{8CC3698B-3D4A-4DB4-AF42-F212FED9DFE4}.Release|Any CPU.ActiveCfg = Release|Any CPU
		{8CC3698B-3D4A-4DB4-AF42-F212FED9DFE4}.Release|Any CPU.Build.0 = Release|Any CPU
		{11934781-0981-4817-8E92-177530CF10A2}.Debug|Any CPU.ActiveCfg = Debug|Any CPU
		{11934781-0981-4817-8E92-177530CF10A2}.Debug|Any CPU.Build.0 = Debug|Any CPU
		{11934781-0981-4817-8E92-177530CF10A2}.Release|Any CPU.ActiveCfg = Release|Any CPU
		{11934781-0981-4817-8E92-177530CF10A2}.Release|Any CPU.Build.0 = Release|Any CPU
		{DE09B540-84B7-441D-9C21-EF4E2B035766}.Debug|Any CPU.ActiveCfg = Debug|Any CPU
		{DE09B540-84B7-441D-9C21-EF4E2B035766}.Debug|Any CPU.Build.0 = Debug|Any CPU
		{DE09B540-84B7-441D-9C21-EF4E2B035766}.Release|Any CPU.ActiveCfg = Release|Any CPU
		{DE09B540-84B7-441D-9C21-EF4E2B035766}.Release|Any CPU.Build.0 = Release|Any CPU
	EndGlobalSection
EndGlobal
